
Microsoft Visual Studio Solution File, Format Version 12.00
# Visual Studio Version 16
VisualStudioVersion = 16.0.30320.27
MinimumVisualStudioVersion = 10.0.40219.1
Project("{9A19103F-16F7-4668-BE54-9A1E7A4F7556}") = "ChatWebApp", "ChatWebApp\ChatWebApp.csproj", "{1B600065-5B63-4E6E-83AD-87C703E7EBAF}"
EndProject
Project("{2150E333-8FDC-42A3-9474-1A3956D46DE8}") = "0-Domain", "0-Domain", "{C36060FE-5480-447F-80B3-592577BE6BA8}"
EndProject
Project("{2150E333-8FDC-42A3-9474-1A3956D46DE8}") = "1-Infra", "1-Infra", "{82977758-71AD-42BE-892F-2CC9A5BD775F}"
EndProject
Project("{2150E333-8FDC-42A3-9474-1A3956D46DE8}") = "2-Application", "2-Application", "{BE21154D-4A52-4D9D-AA76-E260A2ED420E}"
EndProject
Project("{2150E333-8FDC-42A3-9474-1A3956D46DE8}") = "3-Presentation", "3-Presentation", "{6A8B8D90-BF4A-4F8D-BA29-DB0FF8CC891E}"
EndProject
Project("{2150E333-8FDC-42A3-9474-1A3956D46DE8}") = "4-Tests", "4-Tests", "{2C007DF4-C735-4205-B37F-FA404A156FDA}"
EndProject
Project("{9A19103F-16F7-4668-BE54-9A1E7A4F7556}") = "Chat.App", "Chat.App\Chat.App.csproj", "{E92BB50A-2FCB-4587-9B00-1A01A6919EA2}"
EndProject
Project("{9A19103F-16F7-4668-BE54-9A1E7A4F7556}") = "Chat.Models", "Chat.Models\Chat.Models.csproj", "{F40ECA73-4A65-4529-B9B1-148E066C3976}"
EndProject
Project("{9A19103F-16F7-4668-BE54-9A1E7A4F7556}") = "Chat.Services", "Chat.Services\Chat.Services.csproj", "{60F9AC31-8FA2-4646-8876-22169FC55C80}"
EndProject
Project("{9A19103F-16F7-4668-BE54-9A1E7A4F7556}") = "ChatBotWorker", "ChatBotWorker\ChatBotWorker.csproj", "{E4194949-68B1-4EE9-9E05-545B4DB7CDB8}"
EndProject
Project("{9A19103F-16F7-4668-BE54-9A1E7A4F7556}") = "Chat.WebService", "Chat.WebService\Chat.WebService.csproj", "{46403CAF-8177-472F-B84E-AEA2F4131F93}"
EndProject
Project("{9A19103F-16F7-4668-BE54-9A1E7A4F7556}") = "Chat.Test", "Chat.Test\Chat.Test.csproj", "{149FD249-DFBA-41CA-8097-3E8DD71E6ECD}"
EndProject
Project("{9A19103F-16F7-4668-BE54-9A1E7A4F7556}") = "Chat.CommandInterpreter", "Chat.CommandInterpreter\Chat.CommandInterpreter.csproj", "{D8F0C612-DA7A-480A-8706-3A3434265B13}"
	ProjectSection(ProjectDependencies) = postProject
		{ACB3002D-0A12-4112-92BD-3B8A825E5DEA} = {ACB3002D-0A12-4112-92BD-3B8A825E5DEA}
	EndProjectSection
EndProject
Project("{9A19103F-16F7-4668-BE54-9A1E7A4F7556}") = "Chat.QueueProducer", "Chat.QueueProducer\Chat.QueueProducer.csproj", "{ACB3002D-0A12-4112-92BD-3B8A825E5DEA}"
EndProject
Project("{9A19103F-16F7-4668-BE54-9A1E7A4F7556}") = "Chat.QueueConsumer", "Chat.QueueConsumer\Chat.QueueConsumer.csproj", "{116180F2-C6FD-48CF-BC43-91EA1891DA97}"
EndProject
Project("{E53339B2-1760-4266-BCC7-CA923CBCF16C}") = "docker-compose", "docker-compose.dcproj", "{A53FD512-A75F-414B-8B9A-F041E7CA8B1D}"
EndProject
Global
	GlobalSection(SolutionConfigurationPlatforms) = preSolution
		Debug|Any CPU = Debug|Any CPU
		Release|Any CPU = Release|Any CPU
	EndGlobalSection
	GlobalSection(ProjectConfigurationPlatforms) = postSolution
		{1B600065-5B63-4E6E-83AD-87C703E7EBAF}.Debug|Any CPU.ActiveCfg = Debug|Any CPU
		{1B600065-5B63-4E6E-83AD-87C703E7EBAF}.Debug|Any CPU.Build.0 = Debug|Any CPU
		{1B600065-5B63-4E6E-83AD-87C703E7EBAF}.Release|Any CPU.ActiveCfg = Release|Any CPU
		{1B600065-5B63-4E6E-83AD-87C703E7EBAF}.Release|Any CPU.Build.0 = Release|Any CPU
		{E92BB50A-2FCB-4587-9B00-1A01A6919EA2}.Debug|Any CPU.ActiveCfg = Debug|Any CPU
		{E92BB50A-2FCB-4587-9B00-1A01A6919EA2}.Debug|Any CPU.Build.0 = Debug|Any CPU
		{E92BB50A-2FCB-4587-9B00-1A01A6919EA2}.Release|Any CPU.ActiveCfg = Release|Any CPU
		{E92BB50A-2FCB-4587-9B00-1A01A6919EA2}.Release|Any CPU.Build.0 = Release|Any CPU
		{F40ECA73-4A65-4529-B9B1-148E066C3976}.Debug|Any CPU.ActiveCfg = Debug|Any CPU
		{F40ECA73-4A65-4529-B9B1-148E066C3976}.Debug|Any CPU.Build.0 = Debug|Any CPU
		{F40ECA73-4A65-4529-B9B1-148E066C3976}.Release|Any CPU.ActiveCfg = Release|Any CPU
		{F40ECA73-4A65-4529-B9B1-148E066C3976}.Release|Any CPU.Build.0 = Release|Any CPU
		{60F9AC31-8FA2-4646-8876-22169FC55C80}.Debug|Any CPU.ActiveCfg = Debug|Any CPU
		{60F9AC31-8FA2-4646-8876-22169FC55C80}.Debug|Any CPU.Build.0 = Debug|Any CPU
		{60F9AC31-8FA2-4646-8876-22169FC55C80}.Release|Any CPU.ActiveCfg = Release|Any CPU
		{60F9AC31-8FA2-4646-8876-22169FC55C80}.Release|Any CPU.Build.0 = Release|Any CPU
		{E4194949-68B1-4EE9-9E05-545B4DB7CDB8}.Debug|Any CPU.ActiveCfg = Debug|Any CPU
		{E4194949-68B1-4EE9-9E05-545B4DB7CDB8}.Debug|Any CPU.Build.0 = Debug|Any CPU
		{E4194949-68B1-4EE9-9E05-545B4DB7CDB8}.Release|Any CPU.ActiveCfg = Release|Any CPU
		{E4194949-68B1-4EE9-9E05-545B4DB7CDB8}.Release|Any CPU.Build.0 = Release|Any CPU
		{46403CAF-8177-472F-B84E-AEA2F4131F93}.Debug|Any CPU.ActiveCfg = Debug|Any CPU
		{46403CAF-8177-472F-B84E-AEA2F4131F93}.Debug|Any CPU.Build.0 = Debug|Any CPU
		{46403CAF-8177-472F-B84E-AEA2F4131F93}.Release|Any CPU.ActiveCfg = Release|Any CPU
		{46403CAF-8177-472F-B84E-AEA2F4131F93}.Release|Any CPU.Build.0 = Release|Any CPU
		{149FD249-DFBA-41CA-8097-3E8DD71E6ECD}.Debug|Any CPU.ActiveCfg = Debug|Any CPU
		{149FD249-DFBA-41CA-8097-3E8DD71E6ECD}.Debug|Any CPU.Build.0 = Debug|Any CPU
		{149FD249-DFBA-41CA-8097-3E8DD71E6ECD}.Release|Any CPU.ActiveCfg = Release|Any CPU
		{149FD249-DFBA-41CA-8097-3E8DD71E6ECD}.Release|Any CPU.Build.0 = Release|Any CPU
		{D8F0C612-DA7A-480A-8706-3A3434265B13}.Debug|Any CPU.ActiveCfg = Debug|Any CPU
		{D8F0C612-DA7A-480A-8706-3A3434265B13}.Debug|Any CPU.Build.0 = Debug|Any CPU
		{D8F0C612-DA7A-480A-8706-3A3434265B13}.Release|Any CPU.ActiveCfg = Release|Any CPU
		{D8F0C612-DA7A-480A-8706-3A3434265B13}.Release|Any CPU.Build.0 = Release|Any CPU
		{ACB3002D-0A12-4112-92BD-3B8A825E5DEA}.Debug|Any CPU.ActiveCfg = Debug|Any CPU
		{ACB3002D-0A12-4112-92BD-3B8A825E5DEA}.Debug|Any CPU.Build.0 = Debug|Any CPU
		{ACB3002D-0A12-4112-92BD-3B8A825E5DEA}.Release|Any CPU.ActiveCfg = Release|Any CPU
		{ACB3002D-0A12-4112-92BD-3B8A825E5DEA}.Release|Any CPU.Build.0 = Release|Any CPU
		{116180F2-C6FD-48CF-BC43-91EA1891DA97}.Debug|Any CPU.ActiveCfg = Debug|Any CPU
		{116180F2-C6FD-48CF-BC43-91EA1891DA97}.Debug|Any CPU.Build.0 = Debug|Any CPU
		{116180F2-C6FD-48CF-BC43-91EA1891DA97}.Release|Any CPU.ActiveCfg = Release|Any CPU
		{116180F2-C6FD-48CF-BC43-91EA1891DA97}.Release|Any CPU.Build.0 = Release|Any CPU
		{A53FD512-A75F-414B-8B9A-F041E7CA8B1D}.Debug|Any CPU.ActiveCfg = Debug|Any CPU
		{A53FD512-A75F-414B-8B9A-F041E7CA8B1D}.Debug|Any CPU.Build.0 = Debug|Any CPU
		{A53FD512-A75F-414B-8B9A-F041E7CA8B1D}.Release|Any CPU.ActiveCfg = Release|Any CPU
		{A53FD512-A75F-414B-8B9A-F041E7CA8B1D}.Release|Any CPU.Build.0 = Release|Any CPU
	EndGlobalSection
	GlobalSection(SolutionProperties) = preSolution
		HideSolutionNode = FALSE
	EndGlobalSection
	GlobalSection(NestedProjects) = preSolution
		{1B600065-5B63-4E6E-83AD-87C703E7EBAF} = {6A8B8D90-BF4A-4F8D-BA29-DB0FF8CC891E}
		{E92BB50A-2FCB-4587-9B00-1A01A6919EA2} = {BE21154D-4A52-4D9D-AA76-E260A2ED420E}
		{F40ECA73-4A65-4529-B9B1-148E066C3976} = {C36060FE-5480-447F-80B3-592577BE6BA8}
		{60F9AC31-8FA2-4646-8876-22169FC55C80} = {C36060FE-5480-447F-80B3-592577BE6BA8}
		{E4194949-68B1-4EE9-9E05-545B4DB7CDB8} = {6A8B8D90-BF4A-4F8D-BA29-DB0FF8CC891E}
		{46403CAF-8177-472F-B84E-AEA2F4131F93} = {82977758-71AD-42BE-892F-2CC9A5BD775F}
		{149FD249-DFBA-41CA-8097-3E8DD71E6ECD} = {2C007DF4-C735-4205-B37F-FA404A156FDA}
		{D8F0C612-DA7A-480A-8706-3A3434265B13} = {82977758-71AD-42BE-892F-2CC9A5BD775F}
		{ACB3002D-0A12-4112-92BD-3B8A825E5DEA} = {82977758-71AD-42BE-892F-2CC9A5BD775F}
		{116180F2-C6FD-48CF-BC43-91EA1891DA97} = {82977758-71AD-42BE-892F-2CC9A5BD775F}
	EndGlobalSection
	GlobalSection(ExtensibilityGlobals) = postSolution
		SolutionGuid = {9028E664-E755-40F4-9252-C6AE3A62FEBF}
	EndGlobalSection
EndGlobal
